
Microsoft Visual Studio Solution File, Format Version 12.00
# Visual Studio 15
Project("{FAE04EC0-301F-11D3-BF4B-00C04F79EFBC}") = "FirstWebApplication", "FirstWebApplication.csproj", "{ED9E3AC5-8FDC-4D32-B7BA-E3BC7F660AB8}"
EndProject
Global
	GlobalSection(SolutionConfigurationPlatforms) = preSolution
		Debug|Any CPU = Debug|Any CPU
		Release|Any CPU = Release|Any CPU
	EndGlobalSection
	GlobalSection(ProjectConfigurationPlatforms) = postSolution
		{ED9E3AC5-8FDC-4D32-B7BA-E3BC7F660AB8}.Debug|Any CPU.ActiveCfg = Debug|Any CPU
		{ED9E3AC5-8FDC-4D32-B7BA-E3BC7F660AB8}.Debug|Any CPU.Build.0 = Debug|Any CPU
		{ED9E3AC5-8FDC-4D32-B7BA-E3BC7F660AB8}.Release|Any CPU.ActiveCfg = Release|Any CPU
		{ED9E3AC5-8FDC-4D32-B7BA-E3BC7F660AB8}.Release|Any CPU.Build.0 = Release|Any CPU
	EndGlobalSection
EndGlobal
